
Microsoft Visual Studio Solution File, Format Version 12.00
# Visual Studio Version 17
VisualStudioVersion = 17.12.35707.178 d17.12
MinimumVisualStudioVersion = 10.0.40219.1
Project("{FAE04EC0-301F-11D3-BF4B-00C04F79EFBC}") = "modul_103022330096", "modul_103022330096.csproj", "{B2B411BF-2083-4EB0-AE3F-1A0BF74B67FC}"
EndProject
Global
	GlobalSection(SolutionConfigurationPlatforms) = preSolution
		Debug|Any CPU = Debug|Any CPU
		Release|Any CPU = Release|Any CPU
	EndGlobalSection
	GlobalSection(ProjectConfigurationPlatforms) = postSolution
		{B2B411BF-2083-4EB0-AE3F-1A0BF74B67FC}.Debug|Any CPU.ActiveCfg = Debug|Any CPU
		{B2B411BF-2083-4EB0-AE3F-1A0BF74B67FC}.Debug|Any CPU.Build.0 = Debug|Any CPU
		{B2B411BF-2083-4EB0-AE3F-1A0BF74B67FC}.Release|Any CPU.ActiveCfg = Release|Any CPU
		{B2B411BF-2083-4EB0-AE3F-1A0BF74B67FC}.Release|Any CPU.Build.0 = Release|Any CPU
	EndGlobalSection
	GlobalSection(SolutionProperties) = preSolution
		HideSolutionNode = FALSE
	EndGlobalSection
EndGlobal
